{
  "version": 4,
  "terraform_version": "1.3.4",
  "serial": 25,
  "lineage": "6ffce072-2927-4063-3528-447855407330",
  "outputs": {},
  "resources": [
    {
      "mode": "data",
      "type": "oci_identity_availability_domains",
      "name": "ads",
      "provider": "provider[\"registry.terraform.io/oracle/oci\"]",
      "instances": [
        {
          "schema_version": 0,
          "attributes": {
            "availability_domains": [
              {
                "compartment_id": "ocid1.tenancy.oc1..aaaaaaaam3x2zsf4pfgs5rkjkingnv7bt2s5smzf66bzh4vz7ieke2pfdapq",
                "id": "ocid1.availabilitydomain.oc1..aaaaaaaaudalteydacaoxnhwwi3nguelck32h66itn6wztq4akomwt7cxmzq",
                "name": "YaQE:AP-HYDERABAD-1-AD-1"
              }
            ],
            "compartment_id": "ocid1.tenancy.oc1..aaaaaaaam3x2zsf4pfgs5rkjkingnv7bt2s5smzf66bzh4vz7ieke2pfdapq",
            "filter": null,
            "id": "IdentityAvailabilityDomainsDataSource-1343331408"
          },
          "sensitive_attributes": []
        }
      ]
    },
    {
      "mode": "managed",
      "type": "oci_core_instance",
      "name": "ubuntu_instance",
      "provider": "provider[\"registry.terraform.io/oracle/oci\"]",
      "instances": [
        {
          "schema_version": 0,
          "attributes": {
            "agent_config": [
              {
                "are_all_plugins_disabled": false,
                "is_management_disabled": false,
                "is_monitoring_disabled": false,
                "plugins_config": []
              }
            ],
            "async": null,
            "availability_config": [
              {
                "is_live_migration_preferred": false,
                "recovery_action": "RESTORE_INSTANCE"
              }
            ],
            "availability_domain": "YaQE:AP-HYDERABAD-1-AD-1",
            "boot_volume_id": "ocid1.bootvolume.oc1.ap-hyderabad-1.abuhsljrrwml3dyqomwenro6fjd6qczifuqi47fy6bxdvqtsyelvqizfaida",
            "capacity_reservation_id": null,
            "compartment_id": "ocid1.tenancy.oc1..aaaaaaaam3x2zsf4pfgs5rkjkingnv7bt2s5smzf66bzh4vz7ieke2pfdapq",
            "create_vnic_details": [
              {
                "assign_private_dns_record": false,
                "assign_public_ip": "true",
                "defined_tags": {
                  "Oracle-Tags.CreatedBy": "default/jagadish.dachepalli@gmail.com",
                  "Oracle-Tags.CreatedOn": "2022-11-25T16:13:47.410Z"
                },
                "display_name": "testing_via_tf",
                "freeform_tags": {},
                "hostname_label": "testing-via-tf",
                "nsg_ids": null,
                "private_ip": "10.0.1.15",
                "skip_source_dest_check": false,
                "subnet_id": "ocid1.subnet.oc1.ap-hyderabad-1.aaaaaaaagfxoxx2yqrb3dswrr5pedzkod2dsg7j6ni46ucpxquzjzvnhcfka",
                "vlan_id": ""
              }
            ],
            "dedicated_vm_host_id": null,
            "defined_tags": {
              "Oracle-Tags.CreatedBy": "default/jagadish.dachepalli@gmail.com",
              "Oracle-Tags.CreatedOn": "2022-11-25T16:13:47.298Z"
            },
            "display_name": "testing_via_tf",
            "extended_metadata": null,
            "fault_domain": "FAULT-DOMAIN-3",
            "freeform_tags": {},
            "hostname_label": "testing-via-tf",
            "id": "ocid1.instance.oc1.ap-hyderabad-1.anuhsljrn2tmx7acehtrckxx3bv7mnc33gh3jxh6iliffsfywuwasjuboyuq",
            "image": "ocid1.image.oc1.ap-hyderabad-1.aaaaaaaanvj7owsyhqs6qhlbpbhzketnhuky3vzezzhgcpms55tlsamb6vea",
            "instance_options": [
              {
                "are_legacy_imds_endpoints_disabled": false
              }
            ],
            "ipxe_script": null,
            "is_pv_encryption_in_transit_enabled": null,
            "launch_mode": "PARAVIRTUALIZED",
            "launch_options": [
              {
                "boot_volume_type": "PARAVIRTUALIZED",
                "firmware": "UEFI_64",
                "is_consistent_volume_naming_enabled": true,
                "is_pv_encryption_in_transit_enabled": false,
                "network_type": "PARAVIRTUALIZED",
                "remote_data_volume_type": "PARAVIRTUALIZED"
              }
            ],
            "metadata": null,
            "platform_config": [],
            "preemptible_instance_config": [],
            "preserve_boot_volume": false,
            "private_ip": "10.0.1.15",
            "public_ip": "152.67.167.21",
            "region": "ap-hyderabad-1",
            "shape": "VM.Standard.E2.1.Micro",
            "shape_config": [
              {
                "baseline_ocpu_utilization": "",
                "gpu_description": "",
                "gpus": 0,
                "local_disk_description": "",
                "local_disks": 0,
                "local_disks_total_size_in_gbs": 0,
                "max_vnic_attachments": 1,
                "memory_in_gbs": 1,
                "networking_bandwidth_in_gbps": 0.47999998927116394,
                "nvmes": 0,
                "ocpus": 1,
                "processor_description": "2.0 GHz AMD EPYC™ 7551 (Naples)"
              }
            ],
            "source_details": [
              {
                "boot_volume_size_in_gbs": "47",
                "boot_volume_vpus_per_gb": "10",
                "kms_key_id": "",
                "source_id": "ocid1.image.oc1.ap-hyderabad-1.aaaaaaaanvj7owsyhqs6qhlbpbhzketnhuky3vzezzhgcpms55tlsamb6vea",
                "source_type": "image"
              }
            ],
            "state": "RUNNING",
            "subnet_id": "ocid1.subnet.oc1.ap-hyderabad-1.aaaaaaaagfxoxx2yqrb3dswrr5pedzkod2dsg7j6ni46ucpxquzjzvnhcfka",
            "system_tags": {
              "orcl-cloud.free-tier-retained": "true"
            },
            "time_created": "2022-11-25 16:13:47.89 +0000 UTC",
            "time_maintenance_reboot_due": "",
            "timeouts": null
          },
          "sensitive_attributes": [],
          "private": "eyJlMmJmYjczMC1lY2FhLTExZTYtOGY4OC0zNDM2M2JjN2M0YzAiOnsiY3JlYXRlIjoyNzAwMDAwMDAwMDAwLCJkZWxldGUiOjQ1MDAwMDAwMDAwMDAsInVwZGF0ZSI6MjcwMDAwMDAwMDAwMH19",
          "dependencies": [
            "data.oci_identity_availability_domains.ads",
            "oci_core_subnet.subnet_tf"
          ]
        }
      ]
    },
    {
      "mode": "managed",
      "type": "oci_core_subnet",
      "name": "subnet_tf",
      "provider": "provider[\"registry.terraform.io/oracle/oci\"]",
      "instances": [
        {
          "schema_version": 0,
          "attributes": {
            "availability_domain": null,
            "cidr_block": "10.0.1.0/24",
            "compartment_id": "ocid1.tenancy.oc1..aaaaaaaam3x2zsf4pfgs5rkjkingnv7bt2s5smzf66bzh4vz7ieke2pfdapq",
            "defined_tags": {
              "Oracle-Tags.CreatedBy": "default/jagadish.dachepalli@gmail.com",
              "Oracle-Tags.CreatedOn": "2022-11-25T16:13:04.658Z"
            },
            "dhcp_options_id": "ocid1.dhcpoptions.oc1.ap-hyderabad-1.aaaaaaaavfk2e3o2f6ldstyvy2gsffhedcqac4bypdgxxmk53ihr36ievitq",
            "display_name": "subnet - TF",
            "dns_label": "dev",
            "freeform_tags": {},
            "id": "ocid1.subnet.oc1.ap-hyderabad-1.aaaaaaaagfxoxx2yqrb3dswrr5pedzkod2dsg7j6ni46ucpxquzjzvnhcfka",
            "ipv6cidr_block": null,
            "ipv6cidr_blocks": [],
            "ipv6virtual_router_ip": null,
            "prohibit_internet_ingress": false,
            "prohibit_public_ip_on_vnic": false,
            "route_table_id": "ocid1.routetable.oc1.ap-hyderabad-1.aaaaaaaadwbvwkgzichlcycsln2qci4t62thmrqjj47d25kps64bf35mpswq",
            "security_list_ids": [
              "ocid1.securitylist.oc1.ap-hyderabad-1.aaaaaaaazpvxrsflfcb3gmk6hw64hsgkqvlkjjgg5f5doi6yrgw2vaoefw6q"
            ],
            "state": "AVAILABLE",
            "subnet_domain_name": "dev.internal.oraclevcn.com",
            "time_created": "2022-11-25 16:13:04.737 +0000 UTC",
            "timeouts": null,
            "vcn_id": "ocid1.vcn.oc1.ap-hyderabad-1.amaaaaaan2tmx7aalezehtko2noe6xip4bizsolvzvlf5mjvogx6nsrn4kgq",
            "virtual_router_ip": "10.0.1.1",
            "virtual_router_mac": "00:00:17:43:16:E1"
          },
          "sensitive_attributes": [],
          "private": "eyJlMmJmYjczMC1lY2FhLTExZTYtOGY4OC0zNDM2M2JjN2M0YzAiOnsiY3JlYXRlIjoxMjAwMDAwMDAwMDAwLCJkZWxldGUiOjEyMDAwMDAwMDAwMDAsInVwZGF0ZSI6MTIwMDAwMDAwMDAwMH19",
          "dependencies": [
            "oci_core_vcn.vcn_tf"
          ]
        }
      ]
    },
    {
      "mode": "managed",
      "type": "oci_core_vcn",
      "name": "vcn_tf",
      "provider": "provider[\"registry.terraform.io/oracle/oci\"]",
      "instances": [
        {
          "schema_version": 0,
          "attributes": {
            "byoipv6cidr_blocks": [],
            "byoipv6cidr_details": [],
            "cidr_block": "10.0.0.0/16",
            "cidr_blocks": [
              "10.0.0.0/16"
            ],
            "compartment_id": "ocid1.tenancy.oc1..aaaaaaaam3x2zsf4pfgs5rkjkingnv7bt2s5smzf66bzh4vz7ieke2pfdapq",
            "default_dhcp_options_id": "ocid1.dhcpoptions.oc1.ap-hyderabad-1.aaaaaaaavfk2e3o2f6ldstyvy2gsffhedcqac4bypdgxxmk53ihr36ievitq",
            "default_route_table_id": "ocid1.routetable.oc1.ap-hyderabad-1.aaaaaaaadwbvwkgzichlcycsln2qci4t62thmrqjj47d25kps64bf35mpswq",
            "default_security_list_id": "ocid1.securitylist.oc1.ap-hyderabad-1.aaaaaaaazpvxrsflfcb3gmk6hw64hsgkqvlkjjgg5f5doi6yrgw2vaoefw6q",
            "defined_tags": {
              "Oracle-Tags.CreatedBy": "default/jagadish.dachepalli@gmail.com",
              "Oracle-Tags.CreatedOn": "2022-11-25T16:13:03.572Z"
            },
            "display_name": "My internal VCN - TF",
            "dns_label": "internal",
            "freeform_tags": {},
            "id": "ocid1.vcn.oc1.ap-hyderabad-1.amaaaaaan2tmx7aalezehtko2noe6xip4bizsolvzvlf5mjvogx6nsrn4kgq",
            "ipv6cidr_blocks": [],
            "ipv6private_cidr_blocks": [],
            "is_ipv6enabled": false,
            "is_oracle_gua_allocation_enabled": null,
            "state": "AVAILABLE",
            "time_created": "2022-11-25 16:13:03.72 +0000 UTC",
            "timeouts": null,
            "vcn_domain_name": "internal.oraclevcn.com"
          },
          "sensitive_attributes": [],
          "private": "eyJlMmJmYjczMC1lY2FhLTExZTYtOGY4OC0zNDM2M2JjN2M0YzAiOnsiY3JlYXRlIjoxMjAwMDAwMDAwMDAwLCJkZWxldGUiOjEyMDAwMDAwMDAwMDAsInVwZGF0ZSI6MTIwMDAwMDAwMDAwMH19"
        }
      ]
    }
  ],
  "check_results": null
}
