{
  "version": 4,
  "terraform_version": "1.3.4",
  "serial": 14,
  "lineage": "a1bc9150-f1dc-c064-3476-e225828466c2",
  "outputs": {
    "public_ip": {
      "value": "44.203.114.197",
      "type": "string"
    }
  },
  "resources": [
    {
      "mode": "data",
      "type": "aws_vpc",
      "name": "main",
      "provider": "provider[\"registry.terraform.io/hashicorp/aws\"]",
      "instances": [
        {
          "schema_version": 0,
          "attributes": {
            "arn": "arn:aws:ec2:us-east-1:336226289117:vpc/vpc-0161b7812d2dd71e7",
            "cidr_block": "172.31.0.0/16",
            "cidr_block_associations": [
              {
                "association_id": "vpc-cidr-assoc-0bf9df332f668674e",
                "cidr_block": "172.31.0.0/16",
                "state": "associated"
              }
            ],
            "default": true,
            "dhcp_options_id": "dopt-027423270a4006a15",
            "enable_dns_hostnames": true,
            "enable_dns_support": true,
            "enable_network_address_usage_metrics": false,
            "filter": null,
            "id": "vpc-0161b7812d2dd71e7",
            "instance_tenancy": "default",
            "ipv6_association_id": "",
            "ipv6_cidr_block": "",
            "main_route_table_id": "rtb-06e42ed6c300ad43e",
            "owner_id": "336226289117",
            "state": null,
            "tags": {},
            "timeouts": null
          },
          "sensitive_attributes": []
        }
      ]
    },
    {
      "mode": "data",
      "type": "template_file",
      "name": "user_data",
      "provider": "provider[\"registry.terraform.io/hashicorp/template\"]",
      "instances": [
        {
          "schema_version": 0,
          "attributes": {
            "filename": null,
            "id": "100339f7e39d78c3b6101b3c9b22951043350584de3b306d4aeb0cf8da8fd36e",
            "rendered": "#cloud-config\n\npackages:\n  - httpd\nruncmd:\n  - systemctl start httpd\n  - sudo systemctl enable httpd\n",
            "template": "#cloud-config\n\npackages:\n  - httpd\nruncmd:\n  - systemctl start httpd\n  - sudo systemctl enable httpd\n",
            "vars": null
          },
          "sensitive_attributes": []
        }
      ]
    },
    {
      "mode": "managed",
      "type": "aws_instance",
      "name": "my_server_tf",
      "provider": "provider[\"registry.terraform.io/hashicorp/aws\"]",
      "instances": [
        {
          "schema_version": 1,
          "attributes": {
            "ami": "ami-09d3b3274b6c5d4aa",
            "arn": "arn:aws:ec2:us-east-1:336226289117:instance/i-07387b14c9d5557cb",
            "associate_public_ip_address": true,
            "availability_zone": "us-east-1b",
            "capacity_reservation_specification": [
              {
                "capacity_reservation_preference": "open",
                "capacity_reservation_target": []
              }
            ],
            "cpu_core_count": 1,
            "cpu_threads_per_core": 1,
            "credit_specification": [
              {
                "cpu_credits": "standard"
              }
            ],
            "disable_api_stop": false,
            "disable_api_termination": false,
            "ebs_block_device": [],
            "ebs_optimized": false,
            "enclave_options": [
              {
                "enabled": false
              }
            ],
            "ephemeral_block_device": [],
            "get_password_data": false,
            "hibernation": false,
            "host_id": null,
            "host_resource_group_arn": null,
            "iam_instance_profile": "",
            "id": "i-07387b14c9d5557cb",
            "instance_initiated_shutdown_behavior": "stop",
            "instance_state": "running",
            "instance_type": "t2.micro",
            "ipv6_address_count": 0,
            "ipv6_addresses": [],
            "key_name": "deployer-key",
            "launch_template": [],
            "maintenance_options": [
              {
                "auto_recovery": "default"
              }
            ],
            "metadata_options": [
              {
                "http_endpoint": "enabled",
                "http_put_response_hop_limit": 1,
                "http_tokens": "optional",
                "instance_metadata_tags": "disabled"
              }
            ],
            "monitoring": false,
            "network_interface": [],
            "outpost_arn": "",
            "password_data": "",
            "placement_group": "",
            "placement_partition_number": null,
            "primary_network_interface_id": "eni-0891935bb58dccbe5",
            "private_dns": "ip-172-31-95-157.ec2.internal",
            "private_dns_name_options": [
              {
                "enable_resource_name_dns_a_record": false,
                "enable_resource_name_dns_aaaa_record": false,
                "hostname_type": "ip-name"
              }
            ],
            "private_ip": "172.31.95.157",
            "public_dns": "ec2-44-203-114-197.compute-1.amazonaws.com",
            "public_ip": "44.203.114.197",
            "root_block_device": [
              {
                "delete_on_termination": true,
                "device_name": "/dev/xvda",
                "encrypted": false,
                "iops": 100,
                "kms_key_id": "",
                "tags": {},
                "throughput": 0,
                "volume_id": "vol-01bba1fdbfe49d2ff",
                "volume_size": 8,
                "volume_type": "gp2"
              }
            ],
            "secondary_private_ips": [],
            "security_groups": [
              "sg_my_server_tf"
            ],
            "source_dest_check": true,
            "subnet_id": "subnet-0d95c932e72b2bd8c",
            "tags": {
              "Name": "my-server-tf"
            },
            "tags_all": {
              "Name": "my-server-tf"
            },
            "tenancy": "default",
            "timeouts": null,
            "user_data": "a01915e6e422cdc2176f6ec041ace4362b38e786",
            "user_data_base64": null,
            "user_data_replace_on_change": false,
            "volume_tags": null,
            "vpc_security_group_ids": [
              "sg-0f2662a8f2b8c278b"
            ]
          },
          "sensitive_attributes": [],
          "private": "eyJlMmJmYjczMC1lY2FhLTExZTYtOGY4OC0zNDM2M2JjN2M0YzAiOnsiY3JlYXRlIjo2MDAwMDAwMDAwMDAsImRlbGV0ZSI6MTIwMDAwMDAwMDAwMCwidXBkYXRlIjo2MDAwMDAwMDAwMDB9LCJzY2hlbWFfdmVyc2lvbiI6IjEifQ==",
          "dependencies": [
            "aws_key_pair.deployer",
            "aws_security_group.sg_my_server_tf",
            "data.aws_vpc.main",
            "data.template_file.user_data"
          ]
        }
      ]
    },
    {
      "mode": "managed",
      "type": "aws_key_pair",
      "name": "deployer",
      "provider": "provider[\"registry.terraform.io/hashicorp/aws\"]",
      "instances": [
        {
          "schema_version": 1,
          "attributes": {
            "arn": "arn:aws:ec2:us-east-1:336226289117:key-pair/deployer-key",
            "fingerprint": "ce:10:cc:92:3f:58:79:66:32:e7:30:9d:7f:60:fc:3d",
            "id": "deployer-key",
            "key_name": "deployer-key",
            "key_name_prefix": "",
            "key_pair_id": "key-017566bc0030b7e45",
            "key_type": "rsa",
            "public_key": "ssh-rsa AAAAB3NzaC1yc2EAAAADAQABAAABgQDgIDsuOCkCoP3/vmumoueyNNjPVmovNVH/RDbQi8JvrzJp/II+CyigYwPbMEkG5Aaw6y0SDra3z42xsrusoToa1GxACSwfDx0hFlBeAMmAjZu0G09PlYX+EXpcWJOCePiRGLCr4Q7dBr6x/65f4oGt/DntdTrs2fnF/ST/SAxfbCWMW+l+pcX1qeBXos7DvwwgfZs9ZiV+D/3VzdcYYZF/ZpC1D+G3O/nWYO1BiDJJzr3ztEoc26Y5QBeP8nCDpPd137mbTzCRzOwpv7sAGrRO9SZFyStcrwZVfuYnnXhAXji0EKjLtQzoj3EdPmgahqiCBDKYS06XuKSQPHy866tZkohAsjIpbwg1OX3G3OLSdBA5svHSJdKFs3b4l9Vmy45fZ4Fo3jcsHhbm7QxQUsaYS0tQwds9G+uRUmPjjG3BsCsmfGOx/qRxx3guBHGsHoR2+VpOhFio6xbyA6HYNKjSGr7+H6vLlt1LJ1F+Nd+JeZWKlbwW/RTfnc+Gg3EQne8= jdachepa@jdachepa-mac",
            "tags": null,
            "tags_all": {}
          },
          "sensitive_attributes": [],
          "private": "eyJzY2hlbWFfdmVyc2lvbiI6IjEifQ=="
        }
      ]
    },
    {
      "mode": "managed",
      "type": "aws_security_group",
      "name": "sg_my_server_tf",
      "provider": "provider[\"registry.terraform.io/hashicorp/aws\"]",
      "instances": [
        {
          "schema_version": 1,
          "attributes": {
            "arn": "arn:aws:ec2:us-east-1:336226289117:security-group/sg-0f2662a8f2b8c278b",
            "description": "My server tf security group",
            "egress": [
              {
                "cidr_blocks": [
                  "0.0.0.0/0"
                ],
                "description": "outgoing traffic",
                "from_port": 0,
                "ipv6_cidr_blocks": [
                  "::/0"
                ],
                "prefix_list_ids": [],
                "protocol": "-1",
                "security_groups": [],
                "self": false,
                "to_port": 0
              }
            ],
            "id": "sg-0f2662a8f2b8c278b",
            "ingress": [
              {
                "cidr_blocks": [
                  "0.0.0.0/0"
                ],
                "description": "Http",
                "from_port": 80,
                "ipv6_cidr_blocks": [],
                "prefix_list_ids": [],
                "protocol": "tcp",
                "security_groups": [],
                "self": false,
                "to_port": 80
              },
              {
                "cidr_blocks": [
                  "183.83.253.71/32"
                ],
                "description": "SSH",
                "from_port": 22,
                "ipv6_cidr_blocks": [],
                "prefix_list_ids": [],
                "protocol": "tcp",
                "security_groups": [],
                "self": false,
                "to_port": 22
              }
            ],
            "name": "sg_my_server_tf",
            "name_prefix": "",
            "owner_id": "336226289117",
            "revoke_rules_on_delete": false,
            "tags": {
              "Name": "sg-tf"
            },
            "tags_all": {
              "Name": "sg-tf"
            },
            "timeouts": null,
            "vpc_id": "vpc-0161b7812d2dd71e7"
          },
          "sensitive_attributes": [],
          "private": "eyJlMmJmYjczMC1lY2FhLTExZTYtOGY4OC0zNDM2M2JjN2M0YzAiOnsiY3JlYXRlIjo2MDAwMDAwMDAwMDAsImRlbGV0ZSI6OTAwMDAwMDAwMDAwfSwic2NoZW1hX3ZlcnNpb24iOiIxIn0=",
          "dependencies": [
            "data.aws_vpc.main"
          ]
        }
      ]
    }
  ],
  "check_results": null
}
